
Microsoft Visual Studio Solution File, Format Version 12.00
# Visual Studio Version 17
VisualStudioVersion = 17.3.32929.385
MinimumVisualStudioVersion = 10.0.40219.1
Project("{FAE04EC0-301F-11D3-BF4B-00C04F79EFBC}") = "WpfApp1", "WpfApp1\WpfApp1.csproj", "{75465772-E0C9-4AE7-BAA7-B939447F16BC}"
EndProject
Global
	GlobalSection(SolutionConfigurationPlatforms) = preSolution
		Debug|Any CPU = Debug|Any CPU
		Release|Any CPU = Release|Any CPU
	EndGlobalSection
	GlobalSection(ProjectConfigurationPlatforms) = postSolution
		{75465772-E0C9-4AE7-BAA7-B939447F16BC}.Debug|Any CPU.ActiveCfg = Debug|Any CPU
		{75465772-E0C9-4AE7-BAA7-B939447F16BC}.Debug|Any CPU.Build.0 = Debug|Any CPU
		{75465772-E0C9-4AE7-BAA7-B939447F16BC}.Release|Any CPU.ActiveCfg = Release|Any CPU
		{75465772-E0C9-4AE7-BAA7-B939447F16BC}.Release|Any CPU.Build.0 = Release|Any CPU
	EndGlobalSection
	GlobalSection(SolutionProperties) = preSolution
		HideSolutionNode = FALSE
	EndGlobalSection
	GlobalSection(ExtensibilityGlobals) = postSolution
		SolutionGuid = {F63D6C08-A6A1-4782-945D-6588C7BDCDE3}
	EndGlobalSection
EndGlobal
